{
  "name": "threejs-typescript",
  "version": "1.0.0",
  "lockfileVersion": 2,
  "requires": true,
  "packages": {
    "": {
      "name": "threejs-typescript",
      "version": "1.0.0",
      "license": "ISC",
      "devDependencies": {
        "@types/three": "^0.143.0",
        "three": "^0.143.0"
      }
    },
    "node_modules/@types/three": {
      "version": "0.143.0",
      "resolved": "https://registry.npmjs.org/@types/three/-/three-0.143.0.tgz",
      "integrity": "sha512-c5PonXOt8xk5q4ygmyjOX4Ec+FA7gwfdcMT/PveE9xrJs/0DDcf2lJkWrhEcmvx2ZefQCQBcogABnGqB0P4OsA==",
      "dev": true,
      "dependencies": {
        "@types/webxr": "*"
      }
    },
    "node_modules/@types/webxr": {
      "version": "0.5.0",
      "resolved": "https://registry.npmjs.org/@types/webxr/-/webxr-0.5.0.tgz",
      "integrity": "sha512-IUMDPSXnYIbEO2IereEFcgcqfDREOgmbGqtrMpVPpACTU6pltYLwHgVkrnYv0XhWEcjio9sYEfIEzgn3c7nDqA==",
      "dev": true
    },
    "node_modules/three": {
      "version": "0.143.0",
      "resolved": "https://registry.npmjs.org/three/-/three-0.143.0.tgz",
      "integrity": "sha512-oKcAGYHhJ46TGEuHjodo2n6TY2R6lbvrkp+feKZxqsUL/WkH7GKKaeu6RHeyb2Xjfk2dPLRKLsOP0KM2VgT8Zg==",
      "dev": true
    }
  },
  "dependencies": {
    "@types/three": {
      "version": "0.143.0",
      "resolved": "https://registry.npmjs.org/@types/three/-/three-0.143.0.tgz",
      "integrity": "sha512-c5PonXOt8xk5q4ygmyjOX4Ec+FA7gwfdcMT/PveE9xrJs/0DDcf2lJkWrhEcmvx2ZefQCQBcogABnGqB0P4OsA==",
      "dev": true,
      "requires": {
        "@types/webxr": "*"
      }
    },
    "@types/webxr": {
      "version": "0.5.0",
      "resolved": "https://registry.npmjs.org/@types/webxr/-/webxr-0.5.0.tgz",
      "integrity": "sha512-IUMDPSXnYIbEO2IereEFcgcqfDREOgmbGqtrMpVPpACTU6pltYLwHgVkrnYv0XhWEcjio9sYEfIEzgn3c7nDqA==",
      "dev": true
    },
    "three": {
      "version": "0.143.0",
      "resolved": "https://registry.npmjs.org/three/-/three-0.143.0.tgz",
      "integrity": "sha512-oKcAGYHhJ46TGEuHjodo2n6TY2R6lbvrkp+feKZxqsUL/WkH7GKKaeu6RHeyb2Xjfk2dPLRKLsOP0KM2VgT8Zg==",
      "dev": true
    }
  }
}
